# This file is automatically @generated by Poetry 1.5.1 and should not be changed by hand.

[[package]]
name = "json2json"
version = "0.1.0"
description = "A tool for converting JSON documents to another JSON document format."
optional = false
python-versions = ">=3.6"
files = [
    {file = "json2json-0.1.0-py3-none-any.whl", hash = "sha256:577be5bd0e81097400f83afeaed86a65daf4b1403eb9095caea940be9ce4c141"},
    {file = "json2json-0.1.0.tar.gz", hash = "sha256:39c9a51dc7807c7ffed2e392e0bd9ef259d82ab28976b5ab39825b1c748c87dd"},
]

[[package]]
name = "pika"
version = "1.3.2"
description = "Pika Python AMQP Client Library"
optional = false
python-versions = ">=3.7"
files = [
    {file = "pika-1.3.2-py3-none-any.whl", hash = "sha256:0779a7c1fafd805672796085560d290213a465e4f6f76a6fb19e378d8041a14f"},
    {file = "pika-1.3.2.tar.gz", hash = "sha256:b2a327ddddf8570b4965b3576ac77091b850262d34ce8c1d8cb4e4146aa4145f"},
]

[package.extras]
gevent = ["gevent"]
tornado = ["tornado"]
twisted = ["twisted"]

[metadata]
lock-version = "2.0"
python-versions = "^3.11"
content-hash = "0b68e2c03257be87504588bceb38ddc62e23b3cc01cff91fbdea85ab2d004a50"
